// !$*UTF8*$!
{
	archiveVersion = 1;
	classes = {
	};
	objectVersion = 46;
	objects = {

/* Begin PBXBuildFile section */
		8D756356CD7C941B71CEC0AE /* libPods.a in Frameworks */ = {isa = PBXBuildFile; fileRef = 971F8B39DAEA935011C6D43E /* libPods.a */; };
		FB2EF6F61BC4381E00FA6B29 /* JLProfileViewController.m in Sources */ = {isa = PBXBuildFile; fileRef = FB2EF6F41BC4381E00FA6B29 /* JLProfileViewController.m */; };
		FB2EF6F71BC4381E00FA6B29 /* JLProfileViewController.xib in Resources */ = {isa = PBXBuildFile; fileRef = FB2EF6F51BC4381E00FA6B29 /* JLProfileViewController.xib */; };
		FB4960651BC199F10076CC9F /* burger.png in Resources */ = {isa = PBXBuildFile; fileRef = FB49605F1BC199F10076CC9F /* burger.png */; };
		FB4960661BC199F10076CC9F /* burger@2x.png in Resources */ = {isa = PBXBuildFile; fileRef = FB4960601BC199F10076CC9F /* burger@2x.png */; };
		FB4960671BC199F10076CC9F /* gear.png in Resources */ = {isa = PBXBuildFile; fileRef = FB4960611BC199F10076CC9F /* gear.png */; };
		FB4960681BC199F10076CC9F /* gear@2x.png in Resources */ = {isa = PBXBuildFile; fileRef = FB4960621BC199F10076CC9F /* gear@2x.png */; };
		FB4960691BC199F10076CC9F /* globe.png in Resources */ = {isa = PBXBuildFile; fileRef = FB4960631BC199F10076CC9F /* globe.png */; };
		FB49606A1BC199F10076CC9F /* globe@2x.png in Resources */ = {isa = PBXBuildFile; fileRef = FB4960641BC199F10076CC9F /* globe@2x.png */; };
		FB4960711BC19A2B0076CC9F /* Profile_image.png in Resources */ = {isa = PBXBuildFile; fileRef = FB49606B1BC19A2B0076CC9F /* Profile_image.png */; };
		FB4960721BC19A2B0076CC9F /* Profile_image@2x.png in Resources */ = {isa = PBXBuildFile; fileRef = FB49606C1BC19A2B0076CC9F /* Profile_image@2x.png */; };
		FB4960731BC19A2B0076CC9F /* profile.png in Resources */ = {isa = PBXBuildFile; fileRef = FB49606D1BC19A2B0076CC9F /* profile.png */; };
		FB4960741BC19A2B0076CC9F /* profile@2x.png in Resources */ = {isa = PBXBuildFile; fileRef = FB49606E1BC19A2B0076CC9F /* profile@2x.png */; };
		FB4960751BC19A2B0076CC9F /* star.png in Resources */ = {isa = PBXBuildFile; fileRef = FB49606F1BC19A2B0076CC9F /* star.png */; };
		FB4960761BC19A2B0076CC9F /* star@2x.png in Resources */ = {isa = PBXBuildFile; fileRef = FB4960701BC19A2B0076CC9F /* star@2x.png */; };
		FBAFCED01BB5B3F200A79F3A /* JLStoryHeadView.m in Sources */ = {isa = PBXBuildFile; fileRef = FBAFCECF1BB5B3F200A79F3A /* JLStoryHeadView.m */; };
		FBAFCED21BB5B44E00A79F3A /* JLStoryHeadView.xib in Resources */ = {isa = PBXBuildFile; fileRef = FBAFCED11BB5B44E00A79F3A /* JLStoryHeadView.xib */; };
		FBAFCED51BB5D31D00A79F3A /* cjdhw.jpg in Resources */ = {isa = PBXBuildFile; fileRef = FBAFCED41BB5D31D00A79F3A /* cjdhw.jpg */; };
		FBAFCEDA1BB5D5C400A79F3A /* JLStoryDetailViewController.m in Sources */ = {isa = PBXBuildFile; fileRef = FBAFCED81BB5D5C400A79F3A /* JLStoryDetailViewController.m */; };
		FBAFCEDB1BB5D5C400A79F3A /* JLStoryDetailViewController.xib in Resources */ = {isa = PBXBuildFile; fileRef = FBAFCED91BB5D5C400A79F3A /* JLStoryDetailViewController.xib */; };
		FBAFCEE01BB709D900A79F3A /* JLStoreDetailViewController.m in Sources */ = {isa = PBXBuildFile; fileRef = FBAFCEDE1BB709D900A79F3A /* JLStoreDetailViewController.m */; };
		FBAFCEE11BB709D900A79F3A /* JLStoreDetailViewController.xib in Resources */ = {isa = PBXBuildFile; fileRef = FBAFCEDF1BB709D900A79F3A /* JLStoreDetailViewController.xib */; };
		FBD7BBC21BB43669001C9D34 /* main.m in Sources */ = {isa = PBXBuildFile; fileRef = FBD7BBC11BB43669001C9D34 /* main.m */; };
		FBD7BBC51BB43669001C9D34 /* AppDelegate.m in Sources */ = {isa = PBXBuildFile; fileRef = FBD7BBC41BB43669001C9D34 /* AppDelegate.m */; };
		FBD7BBC81BB43669001C9D34 /* storyAudio.xcdatamodeld in Sources */ = {isa = PBXBuildFile; fileRef = FBD7BBC61BB43669001C9D34 /* storyAudio.xcdatamodeld */; };
		FBD7BBCB1BB43669001C9D34 /* ViewController.m in Sources */ = {isa = PBXBuildFile; fileRef = FBD7BBCA1BB43669001C9D34 /* ViewController.m */; };
		FBD7BBCE1BB43669001C9D34 /* Main.storyboard in Resources */ = {isa = PBXBuildFile; fileRef = FBD7BBCC1BB43669001C9D34 /* Main.storyboard */; };
		FBD7BBD01BB43669001C9D34 /* Images.xcassets in Resources */ = {isa = PBXBuildFile; fileRef = FBD7BBCF1BB43669001C9D34 /* Images.xcassets */; };
		FBD7BBD31BB43669001C9D34 /* LaunchScreen.xib in Resources */ = {isa = PBXBuildFile; fileRef = FBD7BBD11BB43669001C9D34 /* LaunchScreen.xib */; };
		FBD7BBDF1BB43669001C9D34 /* storyAudioTests.m in Sources */ = {isa = PBXBuildFile; fileRef = FBD7BBDE1BB43669001C9D34 /* storyAudioTests.m */; };
		FBD7BBF61BB45437001C9D34 /* JLMainViewController.m in Sources */ = {isa = PBXBuildFile; fileRef = FBD7BBF41BB45437001C9D34 /* JLMainViewController.m */; };
		FBD7BBF71BB45437001C9D34 /* JLMainViewController.xib in Resources */ = {isa = PBXBuildFile; fileRef = FBD7BBF51BB45437001C9D34 /* JLMainViewController.xib */; };
		FBD8A46A1BB77636006EF29C /* JLStory1ViewController.m in Sources */ = {isa = PBXBuildFile; fileRef = FBD8A4681BB77636006EF29C /* JLStory1ViewController.m */; };
		FBD8A46B1BB77636006EF29C /* JLStory1ViewController.xib in Resources */ = {isa = PBXBuildFile; fileRef = FBD8A4691BB77636006EF29C /* JLStory1ViewController.xib */; };
		FBD8A4701BB780A0006EF29C /* AVFoundation.framework in Frameworks */ = {isa = PBXBuildFile; fileRef = FBD8A46F1BB780A0006EF29C /* AVFoundation.framework */; };
		FBD8A4761BB84830006EF29C /* JLBuyCollectionViewCell.m in Sources */ = {isa = PBXBuildFile; fileRef = FBD8A4741BB84830006EF29C /* JLBuyCollectionViewCell.m */; };
		FBD8A4771BB84830006EF29C /* JLBuyCollectionViewCell.xib in Resources */ = {isa = PBXBuildFile; fileRef = FBD8A4751BB84830006EF29C /* JLBuyCollectionViewCell.xib */; };
		FBD8A47B1BB85404006EF29C /* AudioFactory.m in Sources */ = {isa = PBXBuildFile; fileRef = FBD8A47A1BB85404006EF29C /* AudioFactory.m */; };
		FBD93ED01BC5110B00AB827D /* 2.m4a in Resources */ = {isa = PBXBuildFile; fileRef = FBD93EA21BC5110B00AB827D /* 2.m4a */; };
		FBD93ED11BC5110B00AB827D /* 3.m4a in Resources */ = {isa = PBXBuildFile; fileRef = FBD93EA31BC5110B00AB827D /* 3.m4a */; };
		FBD93ED21BC5110B00AB827D /* 4.m4a in Resources */ = {isa = PBXBuildFile; fileRef = FBD93EA41BC5110B00AB827D /* 4.m4a */; };
		FBD93ED31BC5110B00AB827D /* ysbg.mp3 in Resources */ = {isa = PBXBuildFile; fileRef = FBD93EA51BC5110B00AB827D /* ysbg.mp3 */; };
		FBD93ED41BC5110B00AB827D /* 1.jpg in Resources */ = {isa = PBXBuildFile; fileRef = FBD93EA71BC5110B00AB827D /* 1.jpg */; };
		FBD93ED51BC5110B00AB827D /* 10.jpg in Resources */ = {isa = PBXBuildFile; fileRef = FBD93EA81BC5110B00AB827D /* 10.jpg */; };
		FBD93ED61BC5110B00AB827D /* 11.jpg in Resources */ = {isa = PBXBuildFile; fileRef = FBD93EA91BC5110B00AB827D /* 11.jpg */; };
		FBD93ED71BC5110B00AB827D /* 12.jpg in Resources */ = {isa = PBXBuildFile; fileRef = FBD93EAA1BC5110B00AB827D /* 12.jpg */; };
		FBD93ED81BC5110B00AB827D /* 13.jpg in Resources */ = {isa = PBXBuildFile; fileRef = FBD93EAB1BC5110B00AB827D /* 13.jpg */; };
		FBD93ED91BC5110B00AB827D /* 14.jpg in Resources */ = {isa = PBXBuildFile; fileRef = FBD93EAC1BC5110B00AB827D /* 14.jpg */; };
		FBD93EDA1BC5110B00AB827D /* 15.jpg in Resources */ = {isa = PBXBuildFile; fileRef = FBD93EAD1BC5110B00AB827D /* 15.jpg */; };
		FBD93EDB1BC5110B00AB827D /* 16.jpg in Resources */ = {isa = PBXBuildFile; fileRef = FBD93EAE1BC5110B00AB827D /* 16.jpg */; };
		FBD93EDC1BC5110B00AB827D /* 17.jpg in Resources */ = {isa = PBXBuildFile; fileRef = FBD93EAF1BC5110B00AB827D /* 17.jpg */; };
		FBD93EDD1BC5110B00AB827D /* 18.jpg in Resources */ = {isa = PBXBuildFile; fileRef = FBD93EB01BC5110B00AB827D /* 18.jpg */; };
		FBD93EDE1BC5110B00AB827D /* 19.jpg in Resources */ = {isa = PBXBuildFile; fileRef = FBD93EB11BC5110B00AB827D /* 19.jpg */; };
		FBD93EDF1BC5110B00AB827D /* 2.jpg in Resources */ = {isa = PBXBuildFile; fileRef = FBD93EB21BC5110B00AB827D /* 2.jpg */; };
		FBD93EE01BC5110B00AB827D /* 20.jpg in Resources */ = {isa = PBXBuildFile; fileRef = FBD93EB31BC5110B00AB827D /* 20.jpg */; };
		FBD93EE11BC5110B00AB827D /* 21.jpg in Resources */ = {isa = PBXBuildFile; fileRef = FBD93EB41BC5110B00AB827D /* 21.jpg */; };
		FBD93EE21BC5110B00AB827D /* 22.jpg in Resources */ = {isa = PBXBuildFile; fileRef = FBD93EB51BC5110B00AB827D /* 22.jpg */; };
		FBD93EE31BC5110B00AB827D /* 23.jpg in Resources */ = {isa = PBXBuildFile; fileRef = FBD93EB61BC5110B00AB827D /* 23.jpg */; };
		FBD93EE41BC5110B00AB827D /* 24.jpg in Resources */ = {isa = PBXBuildFile; fileRef = FBD93EB71BC5110B00AB827D /* 24.jpg */; };
		FBD93EE51BC5110B00AB827D /* 25.jpg in Resources */ = {isa = PBXBuildFile; fileRef = FBD93EB81BC5110B00AB827D /* 25.jpg */; };
		FBD93EE61BC5110B00AB827D /* 26.jpg in Resources */ = {isa = PBXBuildFile; fileRef = FBD93EB91BC5110B00AB827D /* 26.jpg */; };
		FBD93EE71BC5110B00AB827D /* 27.jpg in Resources */ = {isa = PBXBuildFile; fileRef = FBD93EBA1BC5110B00AB827D /* 27.jpg */; };
		FBD93EE81BC5110B00AB827D /* 28.jpg in Resources */ = {isa = PBXBuildFile; fileRef = FBD93EBB1BC5110B00AB827D /* 28.jpg */; };
		FBD93EE91BC5110B00AB827D /* 29.jpg in Resources */ = {isa = PBXBuildFile; fileRef = FBD93EBC1BC5110B00AB827D /* 29.jpg */; };
		FBD93EEA1BC5110B00AB827D /* 3.jpg in Resources */ = {isa = PBXBuildFile; fileRef = FBD93EBD1BC5110B00AB827D /* 3.jpg */; };
		FBD93EEB1BC5110B00AB827D /* 30.jpg in Resources */ = {isa = PBXBuildFile; fileRef = FBD93EBE1BC5110B00AB827D /* 30.jpg */; };
		FBD93EEC1BC5110B00AB827D /* 31.jpg in Resources */ = {isa = PBXBuildFile; fileRef = FBD93EBF1BC5110B00AB827D /* 31.jpg */; };
		FBD93EED1BC5110B00AB827D /* 32.jpg in Resources */ = {isa = PBXBuildFile; fileRef = FBD93EC01BC5110B00AB827D /* 32.jpg */; };
		FBD93EEE1BC5110B00AB827D /* 33.jpg in Resources */ = {isa = PBXBuildFile; fileRef = FBD93EC11BC5110B00AB827D /* 33.jpg */; };
		FBD93EEF1BC5110B00AB827D /* 34.jpg in Resources */ = {isa = PBXBuildFile; fileRef = FBD93EC21BC5110B00AB827D /* 34.jpg */; };
		FBD93EF01BC5110B00AB827D /* 35.jpg in Resources */ = {isa = PBXBuildFile; fileRef = FBD93EC31BC5110B00AB827D /* 35.jpg */; };
		FBD93EF11BC5110B00AB827D /* 36.jpg in Resources */ = {isa = PBXBuildFile; fileRef = FBD93EC41BC5110B00AB827D /* 36.jpg */; };
		FBD93EF21BC5110B00AB827D /* 37.jpg in Resources */ = {isa = PBXBuildFile; fileRef = FBD93EC51BC5110B00AB827D /* 37.jpg */; };
		FBD93EF31BC5110B00AB827D /* 38.jpg in Resources */ = {isa = PBXBuildFile; fileRef = FBD93EC61BC5110B00AB827D /* 38.jpg */; };
		FBD93EF41BC5110B00AB827D /* 39.jpg in Resources */ = {isa = PBXBuildFile; fileRef = FBD93EC71BC5110B00AB827D /* 39.jpg */; };
		FBD93EF51BC5110B00AB827D /* 4.jpg in Resources */ = {isa = PBXBuildFile; fileRef = FBD93EC81BC5110B00AB827D /* 4.jpg */; };
		FBD93EF61BC5110B00AB827D /* 40.jpg in Resources */ = {isa = PBXBuildFile; fileRef = FBD93EC91BC5110B00AB827D /* 40.jpg */; };
		FBD93EF71BC5110B00AB827D /* 5.jpg in Resources */ = {isa = PBXBuildFile; fileRef = FBD93ECA1BC5110B00AB827D /* 5.jpg */; };
		FBD93EF81BC5110B00AB827D /* 6.jpg in Resources */ = {isa = PBXBuildFile; fileRef = FBD93ECB1BC5110B00AB827D /* 6.jpg */; };
		FBD93EF91BC5110B00AB827D /* 7.jpg in Resources */ = {isa = PBXBuildFile; fileRef = FBD93ECC1BC5110B00AB827D /* 7.jpg */; };
		FBD93EFA1BC5110B00AB827D /* 8.jpg in Resources */ = {isa = PBXBuildFile; fileRef = FBD93ECD1BC5110B00AB827D /* 8.jpg */; };
		FBD93EFB1BC5110B00AB827D /* 9.jpg in Resources */ = {isa = PBXBuildFile; fileRef = FBD93ECE1BC5110B00AB827D /* 9.jpg */; };
		FBD93EFC1BC5110B00AB827D /* story1.jpg in Resources */ = {isa = PBXBuildFile; fileRef = FBD93ECF1BC5110B00AB827D /* story1.jpg */; };
		FBD93EFE1BC51AD900AB827D /* 5.m4a in Resources */ = {isa = PBXBuildFile; fileRef = FBD93EFD1BC51AD900AB827D /* 5.m4a */; };
		FBE1A9061BB525D600B93B72 /* JLStoreViewController.m in Sources */ = {isa = PBXBuildFile; fileRef = FBE1A9041BB525D600B93B72 /* JLStoreViewController.m */; };
		FBE1A9071BB525D600B93B72 /* JLStoreViewController.xib in Resources */ = {isa = PBXBuildFile; fileRef = FBE1A9051BB525D600B93B72 /* JLStoreViewController.xib */; };
		FBE1A90D1BB527AD00B93B72 /* JLMainViewTableViewCell.m in Sources */ = {isa = PBXBuildFile; fileRef = FBE1A90B1BB527AD00B93B72 /* JLMainViewTableViewCell.m */; };
		FBE1A90E1BB527AD00B93B72 /* JLMainViewTableViewCell.xib in Resources */ = {isa = PBXBuildFile; fileRef = FBE1A90C1BB527AD00B93B72 /* JLMainViewTableViewCell.xib */; };
		FBE1A9141BB52C6F00B93B72 /* JLBuyViewController.m in Sources */ = {isa = PBXBuildFile; fileRef = FBE1A9121BB52C6F00B93B72 /* JLBuyViewController.m */; };
		FBE1A9151BB52C6F00B93B72 /* JLBuyViewController.xib in Resources */ = {isa = PBXBuildFile; fileRef = FBE1A9131BB52C6F00B93B72 /* JLBuyViewController.xib */; };
		FBE1A9201BB5528A00B93B72 /* JLBuyDetailViewController.m in Sources */ = {isa = PBXBuildFile; fileRef = FBE1A91E1BB5528A00B93B72 /* JLBuyDetailViewController.m */; };
		FBE1A9211BB5528A00B93B72 /* JLBuyDetailViewController.xib in Resources */ = {isa = PBXBuildFile; fileRef = FBE1A91F1BB5528A00B93B72 /* JLBuyDetailViewController.xib */; };
/* End PBXBuildFile section */

/* Begin PBXContainerItemProxy section */
		FBD7BBD91BB43669001C9D34 /* PBXContainerItemProxy */ = {
			isa = PBXContainerItemProxy;
			containerPortal = FBD7BBB41BB43669001C9D34 /* Project object */;
			proxyType = 1;
			remoteGlobalIDString = FBD7BBBB1BB43669001C9D34;
			remoteInfo = storyAudio;
		};
/* End PBXContainerItemProxy section */

/* Begin PBXFileReference section */
		67BCFBEC51CC16AF15881E42 /* Pods.debug.xcconfig */ = {isa = PBXFileReference; includeInIndex = 1; lastKnownFileType = text.xcconfig; name = Pods.debug.xcconfig; path = "Pods/Target Support Files/Pods/Pods.debug.xcconfig"; sourceTree = "<group>"; };
		971F8B39DAEA935011C6D43E /* libPods.a */ = {isa = PBXFileReference; explicitFileType = archive.ar; includeInIndex = 0; path = libPods.a; sourceTree = BUILT_PRODUCTS_DIR; };
		97305F5D2CB12B526A5E05A2 /* Pods.release.xcconfig */ = {isa = PBXFileReference; includeInIndex = 1; lastKnownFileType = text.xcconfig; name = Pods.release.xcconfig; path = "Pods/Target Support Files/Pods/Pods.release.xcconfig"; sourceTree = "<group>"; };
		FB2EF6F31BC4381E00FA6B29 /* JLProfileViewController.h */ = {isa = PBXFileReference; fileEncoding = 4; lastKnownFileType = sourcecode.c.h; path = JLProfileViewController.h; sourceTree = "<group>"; };
		FB2EF6F41BC4381E00FA6B29 /* JLProfileViewController.m */ = {isa = PBXFileReference; fileEncoding = 4; lastKnownFileType = sourcecode.c.objc; path = JLProfileViewController.m; sourceTree = "<group>"; };
		FB2EF6F51BC4381E00FA6B29 /* JLProfileViewController.xib */ = {isa = PBXFileReference; fileEncoding = 4; lastKnownFileType = file.xib; path = JLProfileViewController.xib; sourceTree = "<group>"; };
		FB49605F1BC199F10076CC9F /* burger.png */ = {isa = PBXFileReference; lastKnownFileType = image.png; path = burger.png; sourceTree = "<group>"; };
		FB4960601BC199F10076CC9F /* burger@2x.png */ = {isa = PBXFileReference; lastKnownFileType = image.png; path = "burger@2x.png"; sourceTree = "<group>"; };
		FB4960611BC199F10076CC9F /* gear.png */ = {isa = PBXFileReference; lastKnownFileType = image.png; path = gear.png; sourceTree = "<group>"; };
		FB4960621BC199F10076CC9F /* gear@2x.png */ = {isa = PBXFileReference; lastKnownFileType = image.png; path = "gear@2x.png"; sourceTree = "<group>"; };
		FB4960631BC199F10076CC9F /* globe.png */ = {isa = PBXFileReference; lastKnownFileType = image.png; path = globe.png; sourceTree = "<group>"; };
		FB4960641BC199F10076CC9F /* globe@2x.png */ = {isa = PBXFileReference; lastKnownFileType = image.png; path = "globe@2x.png"; sourceTree = "<group>"; };
		FB49606B1BC19A2B0076CC9F /* Profile_image.png */ = {isa = PBXFileReference; lastKnownFileType = image.png; path = Profile_image.png; sourceTree = "<group>"; };
		FB49606C1BC19A2B0076CC9F /* Profile_image@2x.png */ = {isa = PBXFileReference; lastKnownFileType = image.png; path = "Profile_image@2x.png"; sourceTree = "<group>"; };
		FB49606D1BC19A2B0076CC9F /* profile.png */ = {isa = PBXFileReference; lastKnownFileType = image.png; path = profile.png; sourceTree = "<group>"; };
		FB49606E1BC19A2B0076CC9F /* profile@2x.png */ = {isa = PBXFileReference; lastKnownFileType = image.png; path = "profile@2x.png"; sourceTree = "<group>"; };
		FB49606F1BC19A2B0076CC9F /* star.png */ = {isa = PBXFileReference; lastKnownFileType = image.png; path = star.png; sourceTree = "<group>"; };
		FB4960701BC19A2B0076CC9F /* star@2x.png */ = {isa = PBXFileReference; lastKnownFileType = image.png; path = "star@2x.png"; sourceTree = "<group>"; };
		FBAFCECE1BB5B3F200A79F3A /* JLStoryHeadView.h */ = {isa = PBXFileReference; fileEncoding = 4; lastKnownFileType = sourcecode.c.h; path = JLStoryHeadView.h; sourceTree = "<group>"; };
		FBAFCECF1BB5B3F200A79F3A /* JLStoryHeadView.m */ = {isa = PBXFileReference; fileEncoding = 4; lastKnownFileType = sourcecode.c.objc; path = JLStoryHeadView.m; sourceTree = "<group>"; };
		FBAFCED11BB5B44E00A79F3A /* JLStoryHeadView.xib */ = {isa = PBXFileReference; fileEncoding = 4; lastKnownFileType = file.xib; path = JLStoryHeadView.xib; sourceTree = "<group>"; };
		FBAFCED41BB5D31D00A79F3A /* cjdhw.jpg */ = {isa = PBXFileReference; lastKnownFileType = image.jpeg; path = cjdhw.jpg; sourceTree = "<group>"; };
		FBAFCED71BB5D5C400A79F3A /* JLStoryDetailViewController.h */ = {isa = PBXFileReference; fileEncoding = 4; lastKnownFileType = sourcecode.c.h; path = JLStoryDetailViewController.h; sourceTree = "<group>"; };
		FBAFCED81BB5D5C400A79F3A /* JLStoryDetailViewController.m */ = {isa = PBXFileReference; fileEncoding = 4; lastKnownFileType = sourcecode.c.objc; path = JLStoryDetailViewController.m; sourceTree = "<group>"; };
		FBAFCED91BB5D5C400A79F3A /* JLStoryDetailViewController.xib */ = {isa = PBXFileReference; fileEncoding = 4; lastKnownFileType = file.xib; path = JLStoryDetailViewController.xib; sourceTree = "<group>"; };
		FBAFCEDD1BB709D900A79F3A /* JLStoreDetailViewController.h */ = {isa = PBXFileReference; fileEncoding = 4; lastKnownFileType = sourcecode.c.h; path = JLStoreDetailViewController.h; sourceTree = "<group>"; };
		FBAFCEDE1BB709D900A79F3A /* JLStoreDetailViewController.m */ = {isa = PBXFileReference; fileEncoding = 4; lastKnownFileType = sourcecode.c.objc; path = JLStoreDetailViewController.m; sourceTree = "<group>"; };
		FBAFCEDF1BB709D900A79F3A /* JLStoreDetailViewController.xib */ = {isa = PBXFileReference; fileEncoding = 4; lastKnownFileType = file.xib; path = JLStoreDetailViewController.xib; sourceTree = "<group>"; };
		FBD7BBBC1BB43669001C9D34 /* storyAudio.app */ = {isa = PBXFileReference; explicitFileType = wrapper.application; includeInIndex = 0; path = storyAudio.app; sourceTree = BUILT_PRODUCTS_DIR; };
		FBD7BBC01BB43669001C9D34 /* Info.plist */ = {isa = PBXFileReference; lastKnownFileType = text.plist.xml; path = Info.plist; sourceTree = "<group>"; };
		FBD7BBC11BB43669001C9D34 /* main.m */ = {isa = PBXFileReference; lastKnownFileType = sourcecode.c.objc; path = main.m; sourceTree = "<group>"; };
		FBD7BBC31BB43669001C9D34 /* AppDelegate.h */ = {isa = PBXFileReference; lastKnownFileType = sourcecode.c.h; path = AppDelegate.h; sourceTree = "<group>"; };
		FBD7BBC41BB43669001C9D34 /* AppDelegate.m */ = {isa = PBXFileReference; lastKnownFileType = sourcecode.c.objc; path = AppDelegate.m; sourceTree = "<group>"; };
		FBD7BBC71BB43669001C9D34 /* storyAudio.xcdatamodel */ = {isa = PBXFileReference; lastKnownFileType = wrapper.xcdatamodel; path = storyAudio.xcdatamodel; sourceTree = "<group>"; };
		FBD7BBC91BB43669001C9D34 /* ViewController.h */ = {isa = PBXFileReference; lastKnownFileType = sourcecode.c.h; path = ViewController.h; sourceTree = "<group>"; };
		FBD7BBCA1BB43669001C9D34 /* ViewController.m */ = {isa = PBXFileReference; lastKnownFileType = sourcecode.c.objc; path = ViewController.m; sourceTree = "<group>"; };
		FBD7BBCD1BB43669001C9D34 /* Base */ = {isa = PBXFileReference; lastKnownFileType = file.storyboard; name = Base; path = Base.lproj/Main.storyboard; sourceTree = "<group>"; };
		FBD7BBCF1BB43669001C9D34 /* Images.xcassets */ = {isa = PBXFileReference; lastKnownFileType = folder.assetcatalog; path = Images.xcassets; sourceTree = "<group>"; };
		FBD7BBD21BB43669001C9D34 /* Base */ = {isa = PBXFileReference; lastKnownFileType = file.xib; name = Base; path = Base.lproj/LaunchScreen.xib; sourceTree = "<group>"; };
		FBD7BBD81BB43669001C9D34 /* storyAudioTests.xctest */ = {isa = PBXFileReference; explicitFileType = wrapper.cfbundle; includeInIndex = 0; path = storyAudioTests.xctest; sourceTree = BUILT_PRODUCTS_DIR; };
		FBD7BBDD1BB43669001C9D34 /* Info.plist */ = {isa = PBXFileReference; lastKnownFileType = text.plist.xml; path = Info.plist; sourceTree = "<group>"; };
		FBD7BBDE1BB43669001C9D34 /* storyAudioTests.m */ = {isa = PBXFileReference; lastKnownFileType = sourcecode.c.objc; path = storyAudioTests.m; sourceTree = "<group>"; };
		FBD7BBF31BB45437001C9D34 /* JLMainViewController.h */ = {isa = PBXFileReference; fileEncoding = 4; lastKnownFileType = sourcecode.c.h; path = JLMainViewController.h; sourceTree = "<group>"; };
		FBD7BBF41BB45437001C9D34 /* JLMainViewController.m */ = {isa = PBXFileReference; fileEncoding = 4; lastKnownFileType = sourcecode.c.objc; path = JLMainViewController.m; sourceTree = "<group>"; };
		FBD7BBF51BB45437001C9D34 /* JLMainViewController.xib */ = {isa = PBXFileReference; fileEncoding = 4; lastKnownFileType = file.xib; path = JLMainViewController.xib; sourceTree = "<group>"; };
		FBD8A4671BB77636006EF29C /* JLStory1ViewController.h */ = {isa = PBXFileReference; fileEncoding = 4; lastKnownFileType = sourcecode.c.h; path = JLStory1ViewController.h; sourceTree = "<group>"; };
		FBD8A4681BB77636006EF29C /* JLStory1ViewController.m */ = {isa = PBXFileReference; fileEncoding = 4; lastKnownFileType = sourcecode.c.objc; path = JLStory1ViewController.m; sourceTree = "<group>"; };
		FBD8A4691BB77636006EF29C /* JLStory1ViewController.xib */ = {isa = PBXFileReference; fileEncoding = 4; lastKnownFileType = file.xib; path = JLStory1ViewController.xib; sourceTree = "<group>"; };
		FBD8A46F1BB780A0006EF29C /* AVFoundation.framework */ = {isa = PBXFileReference; lastKnownFileType = wrapper.framework; name = AVFoundation.framework; path = System/Library/Frameworks/AVFoundation.framework; sourceTree = SDKROOT; };
		FBD8A4731BB84830006EF29C /* JLBuyCollectionViewCell.h */ = {isa = PBXFileReference; fileEncoding = 4; lastKnownFileType = sourcecode.c.h; path = JLBuyCollectionViewCell.h; sourceTree = "<group>"; };
		FBD8A4741BB84830006EF29C /* JLBuyCollectionViewCell.m */ = {isa = PBXFileReference; fileEncoding = 4; lastKnownFileType = sourcecode.c.objc; path = JLBuyCollectionViewCell.m; sourceTree = "<group>"; };
		FBD8A4751BB84830006EF29C /* JLBuyCollectionViewCell.xib */ = {isa = PBXFileReference; fileEncoding = 4; lastKnownFileType = file.xib; path = JLBuyCollectionViewCell.xib; sourceTree = "<group>"; };
		FBD8A4791BB85404006EF29C /* AudioFactory.h */ = {isa = PBXFileReference; fileEncoding = 4; lastKnownFileType = sourcecode.c.h; path = AudioFactory.h; sourceTree = "<group>"; };
		FBD8A47A1BB85404006EF29C /* AudioFactory.m */ = {isa = PBXFileReference; fileEncoding = 4; lastKnownFileType = sourcecode.c.objc; path = AudioFactory.m; sourceTree = "<group>"; };
		FBD93EA21BC5110B00AB827D /* 2.m4a */ = {isa = PBXFileReference; lastKnownFileType = file; path = 2.m4a; sourceTree = "<group>"; };
		FBD93EA31BC5110B00AB827D /* 3.m4a */ = {isa = PBXFileReference; lastKnownFileType = file; path = 3.m4a; sourceTree = "<group>"; };
		FBD93EA41BC5110B00AB827D /* 4.m4a */ = {isa = PBXFileReference; lastKnownFileType = file; path = 4.m4a; sourceTree = "<group>"; };
		FBD93EA51BC5110B00AB827D /* ysbg.mp3 */ = {isa = PBXFileReference; lastKnownFileType = audio.mp3; path = ysbg.mp3; sourceTree = "<group>"; };
		FBD93EA71BC5110B00AB827D /* 1.jpg */ = {isa = PBXFileReference; lastKnownFileType = image.jpeg; path = 1.jpg; sourceTree = "<group>"; };
		FBD93EA81BC5110B00AB827D /* 10.jpg */ = {isa = PBXFileReference; lastKnownFileType = image.jpeg; path = 10.jpg; sourceTree = "<group>"; };
		FBD93EA91BC5110B00AB827D /* 11.jpg */ = {isa = PBXFileReference; lastKnownFileType = image.jpeg; path = 11.jpg; sourceTree = "<group>"; };
		FBD93EAA1BC5110B00AB827D /* 12.jpg */ = {isa = PBXFileReference; lastKnownFileType = image.jpeg; path = 12.jpg; sourceTree = "<group>"; };
		FBD93EAB1BC5110B00AB827D /* 13.jpg */ = {isa = PBXFileReference; lastKnownFileType = image.jpeg; path = 13.jpg; sourceTree = "<group>"; };
		FBD93EAC1BC5110B00AB827D /* 14.jpg */ = {isa = PBXFileReference; lastKnownFileType = image.jpeg; path = 14.jpg; sourceTree = "<group>"; };
		FBD93EAD1BC5110B00AB827D /* 15.jpg */ = {isa = PBXFileReference; lastKnownFileType = image.jpeg; path = 15.jpg; sourceTree = "<group>"; };
		FBD93EAE1BC5110B00AB827D /* 16.jpg */ = {isa = PBXFileReference; lastKnownFileType = image.jpeg; path = 16.jpg; sourceTree = "<group>"; };
		FBD93EAF1BC5110B00AB827D /* 17.jpg */ = {isa = PBXFileReference; lastKnownFileType = image.jpeg; path = 17.jpg; sourceTree = "<group>"; };
		FBD93EB01BC5110B00AB827D /* 18.jpg */ = {isa = PBXFileReference; lastKnownFileType = image.jpeg; path = 18.jpg; sourceTree = "<group>"; };
		FBD93EB11BC5110B00AB827D /* 19.jpg */ = {isa = PBXFileReference; lastKnownFileType = image.jpeg; path = 19.jpg; sourceTree = "<group>"; };
		FBD93EB21BC5110B00AB827D /* 2.jpg */ = {isa = PBXFileReference; lastKnownFileType = image.jpeg; path = 2.jpg; sourceTree = "<group>"; };
		FBD93EB31BC5110B00AB827D /* 20.jpg */ = {isa = PBXFileReference; lastKnownFileType = image.jpeg; path = 20.jpg; sourceTree = "<group>"; };
		FBD93EB41BC5110B00AB827D /* 21.jpg */ = {isa = PBXFileReference; lastKnownFileType = image.jpeg; path = 21.jpg; sourceTree = "<group>"; };
		FBD93EB51BC5110B00AB827D /* 22.jpg */ = {isa = PBXFileReference; lastKnownFileType = image.jpeg; path = 22.jpg; sourceTree = "<group>"; };
		FBD93EB61BC5110B00AB827D /* 23.jpg */ = {isa = PBXFileReference; lastKnownFileType = image.jpeg; path = 23.jpg; sourceTree = "<group>"; };
		FBD93EB71BC5110B00AB827D /* 24.jpg */ = {isa = PBXFileReference; lastKnownFileType = image.jpeg; path = 24.jpg; sourceTree = "<group>"; };
		FBD93EB81BC5110B00AB827D /* 25.jpg */ = {isa = PBXFileReference; lastKnownFileType = image.jpeg; path = 25.jpg; sourceTree = "<group>"; };
		FBD93EB91BC5110B00AB827D /* 26.jpg */ = {isa = PBXFileReference; lastKnownFileType = image.jpeg; path = 26.jpg; sourceTree = "<group>"; };
		FBD93EBA1BC5110B00AB827D /* 27.jpg */ = {isa = PBXFileReference; lastKnownFileType = image.jpeg; path = 27.jpg; sourceTree = "<group>"; };
		FBD93EBB1BC5110B00AB827D /* 28.jpg */ = {isa = PBXFileReference; lastKnownFileType = image.jpeg; path = 28.jpg; sourceTree = "<group>"; };
		FBD93EBC1BC5110B00AB827D /* 29.jpg */ = {isa = PBXFileReference; lastKnownFileType = image.jpeg; path = 29.jpg; sourceTree = "<group>"; };
		FBD93EBD1BC5110B00AB827D /* 3.jpg */ = {isa = PBXFileReference; lastKnownFileType = image.jpeg; path = 3.jpg; sourceTree = "<group>"; };
		FBD93EBE1BC5110B00AB827D /* 30.jpg */ = {isa = PBXFileReference; lastKnownFileType = image.jpeg; path = 30.jpg; sourceTree = "<group>"; };
		FBD93EBF1BC5110B00AB827D /* 31.jpg */ = {isa = PBXFileReference; lastKnownFileType = image.jpeg; path = 31.jpg; sourceTree = "<group>"; };
		FBD93EC01BC5110B00AB827D /* 32.jpg */ = {isa = PBXFileReference; lastKnownFileType = image.jpeg; path = 32.jpg; sourceTree = "<group>"; };
		FBD93EC11BC5110B00AB827D /* 33.jpg */ = {isa = PBXFileReference; lastKnownFileType = image.jpeg; path = 33.jpg; sourceTree = "<group>"; };
		FBD93EC21BC5110B00AB827D /* 34.jpg */ = {isa = PBXFileReference; lastKnownFileType = image.jpeg; path = 34.jpg; sourceTree = "<group>"; };
		FBD93EC31BC5110B00AB827D /* 35.jpg */ = {isa = PBXFileReference; lastKnownFileType = image.jpeg; path = 35.jpg; sourceTree = "<group>"; };
		FBD93EC41BC5110B00AB827D /* 36.jpg */ = {isa = PBXFileReference; lastKnownFileType = image.jpeg; path = 36.jpg; sourceTree = "<group>"; };
		FBD93EC51BC5110B00AB827D /* 37.jpg */ = {isa = PBXFileReference; lastKnownFileType = image.jpeg; path = 37.jpg; sourceTree = "<group>"; };
		FBD93EC61BC5110B00AB827D /* 38.jpg */ = {isa = PBXFileReference; lastKnownFileType = image.jpeg; path = 38.jpg; sourceTree = "<group>"; };
		FBD93EC71BC5110B00AB827D /* 39.jpg */ = {isa = PBXFileReference; lastKnownFileType = image.jpeg; path = 39.jpg; sourceTree = "<group>"; };
		FBD93EC81BC5110B00AB827D /* 4.jpg */ = {isa = PBXFileReference; lastKnownFileType = image.jpeg; path = 4.jpg; sourceTree = "<group>"; };
		FBD93EC91BC5110B00AB827D /* 40.jpg */ = {isa = PBXFileReference; lastKnownFileType = image.jpeg; path = 40.jpg; sourceTree = "<group>"; };
		FBD93ECA1BC5110B00AB827D /* 5.jpg */ = {isa = PBXFileReference; lastKnownFileType = image.jpeg; path = 5.jpg; sourceTree = "<group>"; };
		FBD93ECB1BC5110B00AB827D /* 6.jpg */ = {isa = PBXFileReference; lastKnownFileType = image.jpeg; path = 6.jpg; sourceTree = "<group>"; };
		FBD93ECC1BC5110B00AB827D /* 7.jpg */ = {isa = PBXFileReference; lastKnownFileType = image.jpeg; path = 7.jpg; sourceTree = "<group>"; };
		FBD93ECD1BC5110B00AB827D /* 8.jpg */ = {isa = PBXFileReference; lastKnownFileType = image.jpeg; path = 8.jpg; sourceTree = "<group>"; };
		FBD93ECE1BC5110B00AB827D /* 9.jpg */ = {isa = PBXFileReference; lastKnownFileType = image.jpeg; path = 9.jpg; sourceTree = "<group>"; };
		FBD93ECF1BC5110B00AB827D /* story1.jpg */ = {isa = PBXFileReference; lastKnownFileType = image.jpeg; path = story1.jpg; sourceTree = "<group>"; };
		FBD93EFD1BC51AD900AB827D /* 5.m4a */ = {isa = PBXFileReference; lastKnownFileType = file; path = 5.m4a; sourceTree = "<group>"; };
		FBE1A9031BB525D600B93B72 /* JLStoreViewController.h */ = {isa = PBXFileReference; fileEncoding = 4; lastKnownFileType = sourcecode.c.h; path = JLStoreViewController.h; sourceTree = "<group>"; };
		FBE1A9041BB525D600B93B72 /* JLStoreViewController.m */ = {isa = PBXFileReference; fileEncoding = 4; lastKnownFileType = sourcecode.c.objc; path = JLStoreViewController.m; sourceTree = "<group>"; };
		FBE1A9051BB525D600B93B72 /* JLStoreViewController.xib */ = {isa = PBXFileReference; fileEncoding = 4; lastKnownFileType = file.xib; path = JLStoreViewController.xib; sourceTree = "<group>"; };
		FBE1A90A1BB527AD00B93B72 /* JLMainViewTableViewCell.h */ = {isa = PBXFileReference; fileEncoding = 4; lastKnownFileType = sourcecode.c.h; name = JLMainViewTableViewCell.h; path = storyAudio/classes/controllers/main/view/JLMainViewTableViewCell.h; sourceTree = SOURCE_ROOT; };
		FBE1A90B1BB527AD00B93B72 /* JLMainViewTableViewCell.m */ = {isa = PBXFileReference; fileEncoding = 4; lastKnownFileType = sourcecode.c.objc; name = JLMainViewTableViewCell.m; path = storyAudio/classes/controllers/main/view/JLMainViewTableViewCell.m; sourceTree = SOURCE_ROOT; };
		FBE1A90C1BB527AD00B93B72 /* JLMainViewTableViewCell.xib */ = {isa = PBXFileReference; fileEncoding = 4; lastKnownFileType = file.xib; name = JLMainViewTableViewCell.xib; path = storyAudio/classes/controllers/main/view/JLMainViewTableViewCell.xib; sourceTree = SOURCE_ROOT; };
		FBE1A9111BB52C6F00B93B72 /* JLBuyViewController.h */ = {isa = PBXFileReference; fileEncoding = 4; lastKnownFileType = sourcecode.c.h; path = JLBuyViewController.h; sourceTree = "<group>"; };
		FBE1A9121BB52C6F00B93B72 /* JLBuyViewController.m */ = {isa = PBXFileReference; fileEncoding = 4; lastKnownFileType = sourcecode.c.objc; path = JLBuyViewController.m; sourceTree = "<group>"; };
		FBE1A9131BB52C6F00B93B72 /* JLBuyViewController.xib */ = {isa = PBXFileReference; fileEncoding = 4; lastKnownFileType = file.xib; path = JLBuyViewController.xib; sourceTree = "<group>"; };
		FBE1A91D1BB5528A00B93B72 /* JLBuyDetailViewController.h */ = {isa = PBXFileReference; fileEncoding = 4; lastKnownFileType = sourcecode.c.h; path = JLBuyDetailViewController.h; sourceTree = "<group>"; };
		FBE1A91E1BB5528A00B93B72 /* JLBuyDetailViewController.m */ = {isa = PBXFileReference; fileEncoding = 4; lastKnownFileType = sourcecode.c.objc; path = JLBuyDetailViewController.m; sourceTree = "<group>"; };
		FBE1A91F1BB5528A00B93B72 /* JLBuyDetailViewController.xib */ = {isa = PBXFileReference; fileEncoding = 4; lastKnownFileType = file.xib; path = JLBuyDetailViewController.xib; sourceTree = "<group>"; };
/* End PBXFileReference section */

/* Begin PBXFrameworksBuildPhase section */
		FBD7BBB91BB43669001C9D34 /* Frameworks */ = {
			isa = PBXFrameworksBuildPhase;
			buildActionMask = 2147483647;
			files = (
				FBD8A4701BB780A0006EF29C /* AVFoundation.framework in Frameworks */,
				8D756356CD7C941B71CEC0AE /* libPods.a in Frameworks */,
			);
			runOnlyForDeploymentPostprocessing = 0;
		};
		FBD7BBD51BB43669001C9D34 /* Frameworks */ = {
			isa = PBXFrameworksBuildPhase;
			buildActionMask = 2147483647;
			files = (
			);
			runOnlyForDeploymentPostprocessing = 0;
		};
/* End PBXFrameworksBuildPhase section */

/* Begin PBXGroup section */
		0799CD03032E2347C28E90F1 /* Pods */ = {
			isa = PBXGroup;
			children = (
				67BCFBEC51CC16AF15881E42 /* Pods.debug.xcconfig */,
				97305F5D2CB12B526A5E05A2 /* Pods.release.xcconfig */,
			);
			name = Pods;
			sourceTree = "<group>";
		};
		6401E5B43B61C56700561C64 /* Frameworks */ = {
			isa = PBXGroup;
			children = (
				FBD8A46F1BB780A0006EF29C /* AVFoundation.framework */,
				971F8B39DAEA935011C6D43E /* libPods.a */,
			);
			name = Frameworks;
			sourceTree = "<group>";
		};
		FB2EF6F21BC4380E00FA6B29 /* profile */ = {
			isa = PBXGroup;
			children = (
				FB2EF6F31BC4381E00FA6B29 /* JLProfileViewController.h */,
				FB2EF6F41BC4381E00FA6B29 /* JLProfileViewController.m */,
				FB2EF6F51BC4381E00FA6B29 /* JLProfileViewController.xib */,
			);
			path = profile;
			sourceTree = "<group>";
		};
		FB49605E1BC199F10076CC9F /* frostedSidebar */ = {
			isa = PBXGroup;
			children = (
				FB49606B1BC19A2B0076CC9F /* Profile_image.png */,
				FB49606C1BC19A2B0076CC9F /* Profile_image@2x.png */,
				FB49606D1BC19A2B0076CC9F /* profile.png */,
				FB49606E1BC19A2B0076CC9F /* profile@2x.png */,
				FB49606F1BC19A2B0076CC9F /* star.png */,
				FB4960701BC19A2B0076CC9F /* star@2x.png */,
				FB49605F1BC199F10076CC9F /* burger.png */,
				FB4960601BC199F10076CC9F /* burger@2x.png */,
				FB4960611BC199F10076CC9F /* gear.png */,
				FB4960621BC199F10076CC9F /* gear@2x.png */,
				FB4960631BC199F10076CC9F /* globe.png */,
				FB4960641BC199F10076CC9F /* globe@2x.png */,
			);
			path = frostedSidebar;
			sourceTree = "<group>";
		};
		FBAFCED31BB5D31D00A79F3A /* assets */ = {
			isa = PBXGroup;
			children = (
				FB49605E1BC199F10076CC9F /* frostedSidebar */,
				FBD8A46C1BB7768C006EF29C /* story */,
				FBAFCED41BB5D31D00A79F3A /* cjdhw.jpg */,
			);
			path = assets;
			sourceTree = "<group>";
		};
		FBAFCED61BB5D56600A79F3A /* storyDetail */ = {
			isa = PBXGroup;
			children = (
				FBD8A4661BB7762A006EF29C /* story1 */,
				FBAFCED71BB5D5C400A79F3A /* JLStoryDetailViewController.h */,
				FBAFCED81BB5D5C400A79F3A /* JLStoryDetailViewController.m */,
				FBAFCED91BB5D5C400A79F3A /* JLStoryDetailViewController.xib */,
			);
			path = storyDetail;
			sourceTree = "<group>";
		};
		FBAFCEDC1BB709BB00A79F3A /* storeDetail */ = {
			isa = PBXGroup;
			children = (
				FBAFCEDD1BB709D900A79F3A /* JLStoreDetailViewController.h */,
				FBAFCEDE1BB709D900A79F3A /* JLStoreDetailViewController.m */,
				FBAFCEDF1BB709D900A79F3A /* JLStoreDetailViewController.xib */,
			);
			path = storeDetail;
			sourceTree = "<group>";
		};
		FBD7BBB31BB43669001C9D34 = {
			isa = PBXGroup;
			children = (
				FBD7BBEF1BB452CC001C9D34 /* resources */,
				FBD7BBE81BB452BB001C9D34 /* classes */,
				FBD7BBBE1BB43669001C9D34 /* storyAudio */,
				FBD7BBDB1BB43669001C9D34 /* storyAudioTests */,
				FBD7BBBD1BB43669001C9D34 /* Products */,
				0799CD03032E2347C28E90F1 /* Pods */,
				6401E5B43B61C56700561C64 /* Frameworks */,
			);
			sourceTree = "<group>";
		};
		FBD7BBBD1BB43669001C9D34 /* Products */ = {
			isa = PBXGroup;
			children = (
				FBD7BBBC1BB43669001C9D34 /* storyAudio.app */,
				FBD7BBD81BB43669001C9D34 /* storyAudioTests.xctest */,
			);
			name = Products;
			sourceTree = "<group>";
		};
		FBD7BBBE1BB43669001C9D34 /* storyAudio */ = {
			isa = PBXGroup;
			children = (
				FBD7BBC31BB43669001C9D34 /* AppDelegate.h */,
				FBD7BBC41BB43669001C9D34 /* AppDelegate.m */,
				FBD7BBC91BB43669001C9D34 /* ViewController.h */,
				FBD7BBCA1BB43669001C9D34 /* ViewController.m */,
				FBD7BBCC1BB43669001C9D34 /* Main.storyboard */,
				FBD7BBCF1BB43669001C9D34 /* Images.xcassets */,
				FBD7BBD11BB43669001C9D34 /* LaunchScreen.xib */,
				FBD7BBC61BB43669001C9D34 /* storyAudio.xcdatamodeld */,
				FBD7BBBF1BB43669001C9D34 /* Supporting Files */,
			);
			path = storyAudio;
			sourceTree = "<group>";
		};
		FBD7BBBF1BB43669001C9D34 /* Supporting Files */ = {
			isa = PBXGroup;
			children = (
				FBD7BBC01BB43669001C9D34 /* Info.plist */,
				FBD7BBC11BB43669001C9D34 /* main.m */,
			);
			name = "Supporting Files";
			sourceTree = "<group>";
		};
		FBD7BBDB1BB43669001C9D34 /* storyAudioTests */ = {
			isa = PBXGroup;
			children = (
				FBD7BBDE1BB43669001C9D34 /* storyAudioTests.m */,
				FBD7BBDC1BB43669001C9D34 /* Supporting Files */,
			);
			path = storyAudioTests;
			sourceTree = "<group>";
		};
		FBD7BBDC1BB43669001C9D34 /* Supporting Files */ = {
			isa = PBXGroup;
			children = (
				FBD7BBDD1BB43669001C9D34 /* Info.plist */,
			);
			name = "Supporting Files";
			sourceTree = "<group>";
		};
		FBD7BBE81BB452BB001C9D34 /* classes */ = {
			isa = PBXGroup;
			children = (
				FBD7BBE91BB452BB001C9D34 /* 3rd */,
				FBD7BBEA1BB452BB001C9D34 /* categories */,
				FBD7BBEB1BB452BB001C9D34 /* controllers */,
				FBD7BBEC1BB452BB001C9D34 /* core */,
				FBD7BBED1BB452BB001C9D34 /* models */,
				FBD7BBEE1BB452BB001C9D34 /* services */,
			);
			name = classes;
			path = storyAudio/classes;
			sourceTree = "<group>";
		};
		FBD7BBE91BB452BB001C9D34 /* 3rd */ = {
			isa = PBXGroup;
			children = (
			);
			path = 3rd;
			sourceTree = "<group>";
		};
		FBD7BBEA1BB452BB001C9D34 /* categories */ = {
			isa = PBXGroup;
			children = (
			);
			path = categories;
			sourceTree = "<group>";
		};
		FBD7BBEB1BB452BB001C9D34 /* controllers */ = {
			isa = PBXGroup;
			children = (
				FB2EF6F21BC4380E00FA6B29 /* profile */,
				FBAFCEDC1BB709BB00A79F3A /* storeDetail */,
				FBAFCED61BB5D56600A79F3A /* storyDetail */,
				FBE1A91B1BB5524300B93B72 /* buyDetail */,
				FBD7BBF01BB45411001C9D34 /* buy */,
				FBD7BBF11BB45411001C9D34 /* main */,
				FBD7BBF21BB45411001C9D34 /* store */,
			);
			path = controllers;
			sourceTree = "<group>";
		};
		FBD7BBEC1BB452BB001C9D34 /* core */ = {
			isa = PBXGroup;
			children = (
				FBD8A4781BB853E9006EF29C /* audioFactory */,
			);
			path = core;
			sourceTree = "<group>";
		};
		FBD7BBED1BB452BB001C9D34 /* models */ = {
			isa = PBXGroup;
			children = (
			);
			path = models;
			sourceTree = "<group>";
		};
		FBD7BBEE1BB452BB001C9D34 /* services */ = {
			isa = PBXGroup;
			children = (
			);
			path = services;
			sourceTree = "<group>";
		};
		FBD7BBEF1BB452CC001C9D34 /* resources */ = {
			isa = PBXGroup;
			children = (
				FBAFCED31BB5D31D00A79F3A /* assets */,
			);
			name = resources;
			path = storyAudio/resources;
			sourceTree = "<group>";
		};
		FBD7BBF01BB45411001C9D34 /* buy */ = {
			isa = PBXGroup;
			children = (
				FBE1A9101BB52C3900B93B72 /* view */,
				FBE1A9111BB52C6F00B93B72 /* JLBuyViewController.h */,
				FBE1A9121BB52C6F00B93B72 /* JLBuyViewController.m */,
				FBE1A9131BB52C6F00B93B72 /* JLBuyViewController.xib */,
			);
			path = buy;
			sourceTree = "<group>";
		};
		FBD7BBF11BB45411001C9D34 /* main */ = {
			isa = PBXGroup;
			children = (
				FBE1A9091BB5279200B93B72 /* view */,
				FBD7BBF31BB45437001C9D34 /* JLMainViewController.h */,
				FBD7BBF41BB45437001C9D34 /* JLMainViewController.m */,
				FBD7BBF51BB45437001C9D34 /* JLMainViewController.xib */,
			);
			path = main;
			sourceTree = "<group>";
		};
		FBD7BBF21BB45411001C9D34 /* store */ = {
			isa = PBXGroup;
			children = (
				FBE1A90F1BB527B900B93B72 /* view */,
				FBE1A9031BB525D600B93B72 /* JLStoreViewController.h */,
				FBE1A9041BB525D600B93B72 /* JLStoreViewController.m */,
				FBE1A9051BB525D600B93B72 /* JLStoreViewController.xib */,
			);
			path = store;
			sourceTree = "<group>";
		};
		FBD8A4661BB7762A006EF29C /* story1 */ = {
			isa = PBXGroup;
			children = (
				FBD8A4671BB77636006EF29C /* JLStory1ViewController.h */,
				FBD8A4681BB77636006EF29C /* JLStory1ViewController.m */,
				FBD8A4691BB77636006EF29C /* JLStory1ViewController.xib */,
			);
			path = story1;
			sourceTree = "<group>";
		};
		FBD8A46C1BB7768C006EF29C /* story */ = {
			isa = PBXGroup;
			children = (
				FBD93EA11BC5110B00AB827D /* audio */,
				FBD93EA61BC5110B00AB827D /* pic */,
			);
			path = story;
			sourceTree = "<group>";
		};
		FBD8A4781BB853E9006EF29C /* audioFactory */ = {
			isa = PBXGroup;
			children = (
				FBD8A4791BB85404006EF29C /* AudioFactory.h */,
				FBD8A47A1BB85404006EF29C /* AudioFactory.m */,
			);
			path = audioFactory;
			sourceTree = "<group>";
		};
		FBD93EA11BC5110B00AB827D /* audio */ = {
			isa = PBXGroup;
			children = (
				FBD93EFD1BC51AD900AB827D /* 5.m4a */,
				FBD93EA21BC5110B00AB827D /* 2.m4a */,
				FBD93EA31BC5110B00AB827D /* 3.m4a */,
				FBD93EA41BC5110B00AB827D /* 4.m4a */,
				FBD93EA51BC5110B00AB827D /* ysbg.mp3 */,
			);
			path = audio;
			sourceTree = "<group>";
		};
		FBD93EA61BC5110B00AB827D /* pic */ = {
			isa = PBXGroup;
			children = (
				FBD93EA71BC5110B00AB827D /* 1.jpg */,
				FBD93EA81BC5110B00AB827D /* 10.jpg */,
				FBD93EA91BC5110B00AB827D /* 11.jpg */,
				FBD93EAA1BC5110B00AB827D /* 12.jpg */,
				FBD93EAB1BC5110B00AB827D /* 13.jpg */,
				FBD93EAC1BC5110B00AB827D /* 14.jpg */,
				FBD93EAD1BC5110B00AB827D /* 15.jpg */,
				FBD93EAE1BC5110B00AB827D /* 16.jpg */,
				FBD93EAF1BC5110B00AB827D /* 17.jpg */,
				FBD93EB01BC5110B00AB827D /* 18.jpg */,
				FBD93EB11BC5110B00AB827D /* 19.jpg */,
				FBD93EB21BC5110B00AB827D /* 2.jpg */,
				FBD93EB31BC5110B00AB827D /* 20.jpg */,
				FBD93EB41BC5110B00AB827D /* 21.jpg */,
				FBD93EB51BC5110B00AB827D /* 22.jpg */,
				FBD93EB61BC5110B00AB827D /* 23.jpg */,
				FBD93EB71BC5110B00AB827D /* 24.jpg */,
				FBD93EB81BC5110B00AB827D /* 25.jpg */,
				FBD93EB91BC5110B00AB827D /* 26.jpg */,
				FBD93EBA1BC5110B00AB827D /* 27.jpg */,
				FBD93EBB1BC5110B00AB827D /* 28.jpg */,
				FBD93EBC1BC5110B00AB827D /* 29.jpg */,
				FBD93EBD1BC5110B00AB827D /* 3.jpg */,
				FBD93EBE1BC5110B00AB827D /* 30.jpg */,
				FBD93EBF1BC5110B00AB827D /* 31.jpg */,
				FBD93EC01BC5110B00AB827D /* 32.jpg */,
				FBD93EC11BC5110B00AB827D /* 33.jpg */,
				FBD93EC21BC5110B00AB827D /* 34.jpg */,
				FBD93EC31BC5110B00AB827D /* 35.jpg */,
				FBD93EC41BC5110B00AB827D /* 36.jpg */,
				FBD93EC51BC5110B00AB827D /* 37.jpg */,
				FBD93EC61BC5110B00AB827D /* 38.jpg */,
				FBD93EC71BC5110B00AB827D /* 39.jpg */,
				FBD93EC81BC5110B00AB827D /* 4.jpg */,
				FBD93EC91BC5110B00AB827D /* 40.jpg */,
				FBD93ECA1BC5110B00AB827D /* 5.jpg */,
				FBD93ECB1BC5110B00AB827D /* 6.jpg */,
				FBD93ECC1BC5110B00AB827D /* 7.jpg */,
				FBD93ECD1BC5110B00AB827D /* 8.jpg */,
				FBD93ECE1BC5110B00AB827D /* 9.jpg */,
				FBD93ECF1BC5110B00AB827D /* story1.jpg */,
			);
			path = pic;
			sourceTree = "<group>";
		};
		FBE1A9091BB5279200B93B72 /* view */ = {
			isa = PBXGroup;
			children = (
				FBE1A90A1BB527AD00B93B72 /* JLMainViewTableViewCell.h */,
				FBE1A90B1BB527AD00B93B72 /* JLMainViewTableViewCell.m */,
				FBE1A90C1BB527AD00B93B72 /* JLMainViewTableViewCell.xib */,
			);
			name = view;
			path = storyAudio/classes/controllers/store/view;
			sourceTree = SOURCE_ROOT;
		};
		FBE1A90F1BB527B900B93B72 /* view */ = {
			isa = PBXGroup;
			children = (
			);
			path = view;
			sourceTree = "<group>";
		};
		FBE1A9101BB52C3900B93B72 /* view */ = {
			isa = PBXGroup;
			children = (
				FBD8A4731BB84830006EF29C /* JLBuyCollectionViewCell.h */,
				FBD8A4741BB84830006EF29C /* JLBuyCollectionViewCell.m */,
				FBD8A4751BB84830006EF29C /* JLBuyCollectionViewCell.xib */,
			);
			path = view;
			sourceTree = "<group>";
		};
		FBE1A91B1BB5524300B93B72 /* buyDetail */ = {
			isa = PBXGroup;
			children = (
				FBE1A91C1BB5525500B93B72 /* view */,
				FBE1A91D1BB5528A00B93B72 /* JLBuyDetailViewController.h */,
				FBE1A91E1BB5528A00B93B72 /* JLBuyDetailViewController.m */,
				FBE1A91F1BB5528A00B93B72 /* JLBuyDetailViewController.xib */,
			);
			path = buyDetail;
			sourceTree = "<group>";
		};
		FBE1A91C1BB5525500B93B72 /* view */ = {
			isa = PBXGroup;
			children = (
				FBAFCECE1BB5B3F200A79F3A /* JLStoryHeadView.h */,
				FBAFCECF1BB5B3F200A79F3A /* JLStoryHeadView.m */,
				FBAFCED11BB5B44E00A79F3A /* JLStoryHeadView.xib */,
			);
			path = view;
			sourceTree = "<group>";
		};
/* End PBXGroup section */

/* Begin PBXNativeTarget section */
		FBD7BBBB1BB43669001C9D34 /* storyAudio */ = {
			isa = PBXNativeTarget;
			buildConfigurationList = FBD7BBE21BB43669001C9D34 /* Build configuration list for PBXNativeTarget "storyAudio" */;
			buildPhases = (
				A59C3C29F2A1ED20E1C36143 /* Check Pods Manifest.lock */,
				FBD7BBB81BB43669001C9D34 /* Sources */,
				FBD7BBB91BB43669001C9D34 /* Frameworks */,
				FBD7BBBA1BB43669001C9D34 /* Resources */,
				2AA9EC35FE34F4F171FB9EC3 /* Copy Pods Resources */,
			);
			buildRules = (
			);
			dependencies = (
			);
			name = storyAudio;
			productName = storyAudio;
			productReference = FBD7BBBC1BB43669001C9D34 /* storyAudio.app */;
			productType = "com.apple.product-type.application";
		};
		FBD7BBD71BB43669001C9D34 /* storyAudioTests */ = {
			isa = PBXNativeTarget;
			buildConfigurationList = FBD7BBE51BB43669001C9D34 /* Build configuration list for PBXNativeTarget "storyAudioTests" */;
			buildPhases = (
				FBD7BBD41BB43669001C9D34 /* Sources */,
				FBD7BBD51BB43669001C9D34 /* Frameworks */,
				FBD7BBD61BB43669001C9D34 /* Resources */,
			);
			buildRules = (
			);
			dependencies = (
				FBD7BBDA1BB43669001C9D34 /* PBXTargetDependency */,
			);
			name = storyAudioTests;
			productName = storyAudioTests;
			productReference = FBD7BBD81BB43669001C9D34 /* storyAudioTests.xctest */;
			productType = "com.apple.product-type.bundle.unit-test";
		};
/* End PBXNativeTarget section */

/* Begin PBXProject section */
		FBD7BBB41BB43669001C9D34 /* Project object */ = {
			isa = PBXProject;
			attributes = {
				LastUpgradeCheck = 0640;
				ORGANIZATIONNAME = jonny;
				TargetAttributes = {
					FBD7BBBB1BB43669001C9D34 = {
						CreatedOnToolsVersion = 6.4;
						DevelopmentTeam = JC87Y29NA6;
					};
					FBD7BBD71BB43669001C9D34 = {
						CreatedOnToolsVersion = 6.4;
						TestTargetID = FBD7BBBB1BB43669001C9D34;
					};
				};
			};
			buildConfigurationList = FBD7BBB71BB43669001C9D34 /* Build configuration list for PBXProject "storyAudio" */;
			compatibilityVersion = "Xcode 3.2";
			developmentRegion = English;
			hasScannedForEncodings = 0;
			knownRegions = (
				en,
				Base,
			);
			mainGroup = FBD7BBB31BB43669001C9D34;
			productRefGroup = FBD7BBBD1BB43669001C9D34 /* Products */;
			projectDirPath = "";
			projectRoot = "";
			targets = (
				FBD7BBBB1BB43669001C9D34 /* storyAudio */,
				FBD7BBD71BB43669001C9D34 /* storyAudioTests */,
			);
		};
/* End PBXProject section */

/* Begin PBXResourcesBuildPhase section */
		FBD7BBBA1BB43669001C9D34 /* Resources */ = {
			isa = PBXResourcesBuildPhase;
			buildActionMask = 2147483647;
			files = (
				FB4960711BC19A2B0076CC9F /* Profile_image.png in Resources */,
				FBD93EE21BC5110B00AB827D /* 22.jpg in Resources */,
				FBD93ED81BC5110B00AB827D /* 13.jpg in Resources */,
				FB49606A1BC199F10076CC9F /* globe@2x.png in Resources */,
				FBD93EDF1BC5110B00AB827D /* 2.jpg in Resources */,
				FB4960761BC19A2B0076CC9F /* star@2x.png in Resources */,
				FB4960751BC19A2B0076CC9F /* star.png in Resources */,
				FBD93EDC1BC5110B00AB827D /* 17.jpg in Resources */,
				FBD93EE31BC5110B00AB827D /* 23.jpg in Resources */,
				FBD93EEA1BC5110B00AB827D /* 3.jpg in Resources */,
				FBD93ED31BC5110B00AB827D /* ysbg.mp3 in Resources */,
				FBD93ED41BC5110B00AB827D /* 1.jpg in Resources */,
				FBD7BBCE1BB43669001C9D34 /* Main.storyboard in Resources */,
				FBE1A9151BB52C6F00B93B72 /* JLBuyViewController.xib in Resources */,
				FBD93EE51BC5110B00AB827D /* 25.jpg in Resources */,
				FBD93EEE1BC5110B00AB827D /* 33.jpg in Resources */,
				FB4960651BC199F10076CC9F /* burger.png in Resources */,
				FB4960681BC199F10076CC9F /* gear@2x.png in Resources */,
				FBD93EEC1BC5110B00AB827D /* 31.jpg in Resources */,
				FBD93EFC1BC5110B00AB827D /* story1.jpg in Resources */,
				FBD93ED91BC5110B00AB827D /* 14.jpg in Resources */,
				FBD93EFA1BC5110B00AB827D /* 8.jpg in Resources */,
				FBAFCED51BB5D31D00A79F3A /* cjdhw.jpg in Resources */,
				FBD93EDB1BC5110B00AB827D /* 16.jpg in Resources */,
				FB2EF6F71BC4381E00FA6B29 /* JLProfileViewController.xib in Resources */,
				FBE1A90E1BB527AD00B93B72 /* JLMainViewTableViewCell.xib in Resources */,
				FBD7BBD31BB43669001C9D34 /* LaunchScreen.xib in Resources */,
				FBD93EF01BC5110B00AB827D /* 35.jpg in Resources */,
				FBD93EF81BC5110B00AB827D /* 6.jpg in Resources */,
				FBD7BBD01BB43669001C9D34 /* Images.xcassets in Resources */,
				FB4960661BC199F10076CC9F /* burger@2x.png in Resources */,
				FBE1A9071BB525D600B93B72 /* JLStoreViewController.xib in Resources */,
				FBD8A46B1BB77636006EF29C /* JLStory1ViewController.xib in Resources */,
				FBD7BBF71BB45437001C9D34 /* JLMainViewController.xib in Resources */,
				FBD93EF31BC5110B00AB827D /* 38.jpg in Resources */,
				FBD93EF91BC5110B00AB827D /* 7.jpg in Resources */,
				FBD93EF21BC5110B00AB827D /* 37.jpg in Resources */,
				FBD93EF41BC5110B00AB827D /* 39.jpg in Resources */,
				FBD93EF11BC5110B00AB827D /* 36.jpg in Resources */,
				FBAFCEE11BB709D900A79F3A /* JLStoreDetailViewController.xib in Resources */,
				FBD93EFB1BC5110B00AB827D /* 9.jpg in Resources */,
				FBD93EE11BC5110B00AB827D /* 21.jpg in Resources */,
				FBD93EE91BC5110B00AB827D /* 29.jpg in Resources */,
				FBD93EFE1BC51AD900AB827D /* 5.m4a in Resources */,
				FBD93EF51BC5110B00AB827D /* 4.jpg in Resources */,
				FB4960671BC199F10076CC9F /* gear.png in Resources */,
				FBD93EF71BC5110B00AB827D /* 5.jpg in Resources */,
				FB4960741BC19A2B0076CC9F /* profile@2x.png in Resources */,
				FBD8A4771BB84830006EF29C /* JLBuyCollectionViewCell.xib in Resources */,
				FBD93EDA1BC5110B00AB827D /* 15.jpg in Resources */,
				FBD93ED21BC5110B00AB827D /* 4.m4a in Resources */,
				FB4960691BC199F10076CC9F /* globe.png in Resources */,
				FBD93ED51BC5110B00AB827D /* 10.jpg in Resources */,
				FB4960731BC19A2B0076CC9F /* profile.png in Resources */,
				FBD93ED01BC5110B00AB827D /* 2.m4a in Resources */,
				FBD93EEF1BC5110B00AB827D /* 34.jpg in Resources */,
				FBAFCEDB1BB5D5C400A79F3A /* JLStoryDetailViewController.xib in Resources */,
				FBD93EE81BC5110B00AB827D /* 28.jpg in Resources */,
				FBD93EED1BC5110B00AB827D /* 32.jpg in Resources */,
				FBD93EE01BC5110B00AB827D /* 20.jpg in Resources */,
				FBD93EE71BC5110B00AB827D /* 27.jpg in Resources */,
				FB4960721BC19A2B0076CC9F /* Profile_image@2x.png in Resources */,
				FBD93EF61BC5110B00AB827D /* 40.jpg in Resources */,
				FBD93EEB1BC5110B00AB827D /* 30.jpg in Resources */,
				FBD93ED71BC5110B00AB827D /* 12.jpg in Resources */,
				FBAFCED21BB5B44E00A79F3A /* JLStoryHeadView.xib in Resources */,
				FBD93EDE1BC5110B00AB827D /* 19.jpg in Resources */,
				FBD93EE41BC5110B00AB827D /* 24.jpg in Resources */,
				FBD93EE61BC5110B00AB827D /* 26.jpg in Resources */,
				FBD93ED11BC5110B00AB827D /* 3.m4a in Resources */,
				FBE1A9211BB5528A00B93B72 /* JLBuyDetailViewController.xib in Resources */,
				FBD93EDD1BC5110B00AB827D /* 18.jpg in Resources */,
				FBD93ED61BC5110B00AB827D /* 11.jpg in Resources */,
			);
			runOnlyForDeploymentPostprocessing = 0;
		};
		FBD7BBD61BB43669001C9D34 /* Resources */ = {
			isa = PBXResourcesBuildPhase;
			buildActionMask = 2147483647;
			files = (
			);
			runOnlyForDeploymentPostprocessing = 0;
		};
/* End PBXResourcesBuildPhase section */

/* Begin PBXShellScriptBuildPhase section */
		2AA9EC35FE34F4F171FB9EC3 /* Copy Pods Resources */ = {
			isa = PBXShellScriptBuildPhase;
			buildActionMask = 2147483647;
			files = (
			);
			inputPaths = (
			);
			name = "Copy Pods Resources";
			outputPaths = (
			);
			runOnlyForDeploymentPostprocessing = 0;
			shellPath = /bin/sh;
			shellScript = "\"${SRCROOT}/Pods/Target Support Files/Pods/Pods-resources.sh\"\n";
			showEnvVarsInLog = 0;
		};
		A59C3C29F2A1ED20E1C36143 /* Check Pods Manifest.lock */ = {
			isa = PBXShellScriptBuildPhase;
			buildActionMask = 2147483647;
			files = (
			);
			inputPaths = (
			);
			name = "Check Pods Manifest.lock";
			outputPaths = (
			);
			runOnlyForDeploymentPostprocessing = 0;
			shellPath = /bin/sh;
			shellScript = "diff \"${PODS_ROOT}/../Podfile.lock\" \"${PODS_ROOT}/Manifest.lock\" > /dev/null\nif [[ $? != 0 ]] ; then\n    cat << EOM\nerror: The sandbox is not in sync with the Podfile.lock. Run 'pod install' or update your CocoaPods installation.\nEOM\n    exit 1\nfi\n";
			showEnvVarsInLog = 0;
		};
/* End PBXShellScriptBuildPhase section */

/* Begin PBXSourcesBuildPhase section */
		FBD7BBB81BB43669001C9D34 /* Sources */ = {
			isa = PBXSourcesBuildPhase;
			buildActionMask = 2147483647;
			files = (
				FBAFCEDA1BB5D5C400A79F3A /* JLStoryDetailViewController.m in Sources */,
				FBD8A46A1BB77636006EF29C /* JLStory1ViewController.m in Sources */,
				FBE1A9061BB525D600B93B72 /* JLStoreViewController.m in Sources */,
				FBD7BBC81BB43669001C9D34 /* storyAudio.xcdatamodeld in Sources */,
				FBD7BBC51BB43669001C9D34 /* AppDelegate.m in Sources */,
				FBE1A90D1BB527AD00B93B72 /* JLMainViewTableViewCell.m in Sources */,
				FBD7BBCB1BB43669001C9D34 /* ViewController.m in Sources */,
				FBE1A9141BB52C6F00B93B72 /* JLBuyViewController.m in Sources */,
				FBD7BBF61BB45437001C9D34 /* JLMainViewController.m in Sources */,
				FBD8A47B1BB85404006EF29C /* AudioFactory.m in Sources */,
				FB2EF6F61BC4381E00FA6B29 /* JLProfileViewController.m in Sources */,
				FBAFCED01BB5B3F200A79F3A /* JLStoryHeadView.m in Sources */,
				FBE1A9201BB5528A00B93B72 /* JLBuyDetailViewController.m in Sources */,
				FBD7BBC21BB43669001C9D34 /* main.m in Sources */,
				FBD8A4761BB84830006EF29C /* JLBuyCollectionViewCell.m in Sources */,
				FBAFCEE01BB709D900A79F3A /* JLStoreDetailViewController.m in Sources */,
			);
			runOnlyForDeploymentPostprocessing = 0;
		};
		FBD7BBD41BB43669001C9D34 /* Sources */ = {
			isa = PBXSourcesBuildPhase;
			buildActionMask = 2147483647;
			files = (
				FBD7BBDF1BB43669001C9D34 /* storyAudioTests.m in Sources */,
			);
			runOnlyForDeploymentPostprocessing = 0;
		};
/* End PBXSourcesBuildPhase section */

/* Begin PBXTargetDependency section */
		FBD7BBDA1BB43669001C9D34 /* PBXTargetDependency */ = {
			isa = PBXTargetDependency;
			target = FBD7BBBB1BB43669001C9D34 /* storyAudio */;
			targetProxy = FBD7BBD91BB43669001C9D34 /* PBXContainerItemProxy */;
		};
/* End PBXTargetDependency section */

/* Begin PBXVariantGroup section */
		FBD7BBCC1BB43669001C9D34 /* Main.storyboard */ = {
			isa = PBXVariantGroup;
			children = (
				FBD7BBCD1BB43669001C9D34 /* Base */,
			);
			name = Main.storyboard;
			sourceTree = "<group>";
		};
		FBD7BBD11BB43669001C9D34 /* LaunchScreen.xib */ = {
			isa = PBXVariantGroup;
			children = (
				FBD7BBD21BB43669001C9D34 /* Base */,
			);
			name = LaunchScreen.xib;
			sourceTree = "<group>";
		};
/* End PBXVariantGroup section */

/* Begin XCBuildConfiguration section */
		FBD7BBE01BB43669001C9D34 /* Debug */ = {
			isa = XCBuildConfiguration;
			buildSettings = {
				ALWAYS_SEARCH_USER_PATHS = NO;
				CLANG_CXX_LANGUAGE_STANDARD = "gnu++0x";
				CLANG_CXX_LIBRARY = "libc++";
				CLANG_ENABLE_MODULES = YES;
				CLANG_ENABLE_OBJC_ARC = YES;
				CLANG_WARN_BOOL_CONVERSION = YES;
				CLANG_WARN_CONSTANT_CONVERSION = YES;
				CLANG_WARN_DIRECT_OBJC_ISA_USAGE = YES_ERROR;
				CLANG_WARN_EMPTY_BODY = YES;
				CLANG_WARN_ENUM_CONVERSION = YES;
				CLANG_WARN_INT_CONVERSION = YES;
				CLANG_WARN_OBJC_ROOT_CLASS = YES_ERROR;
				CLANG_WARN_UNREACHABLE_CODE = YES;
				CLANG_WARN__DUPLICATE_METHOD_MATCH = YES;
				"CODE_SIGN_IDENTITY[sdk=iphoneos*]" = "iPhone Developer";
				COPY_PHASE_STRIP = NO;
				DEBUG_INFORMATION_FORMAT = "dwarf-with-dsym";
				ENABLE_STRICT_OBJC_MSGSEND = YES;
				GCC_C_LANGUAGE_STANDARD = gnu99;
				GCC_DYNAMIC_NO_PIC = NO;
				GCC_NO_COMMON_BLOCKS = YES;
				GCC_OPTIMIZATION_LEVEL = 0;
				GCC_PREPROCESSOR_DEFINITIONS = (
					"DEBUG=1",
					"$(inherited)",
				);
				GCC_SYMBOLS_PRIVATE_EXTERN = NO;
				GCC_WARN_64_TO_32_BIT_CONVERSION = YES;
				GCC_WARN_ABOUT_RETURN_TYPE = YES_ERROR;
				GCC_WARN_UNDECLARED_SELECTOR = YES;
				GCC_WARN_UNINITIALIZED_AUTOS = YES_AGGRESSIVE;
				GCC_WARN_UNUSED_FUNCTION = YES;
				GCC_WARN_UNUSED_VARIABLE = YES;
				IPHONEOS_DEPLOYMENT_TARGET = 8.4;
				MTL_ENABLE_DEBUG_INFO = YES;
				ONLY_ACTIVE_ARCH = YES;
				SDKROOT = iphoneos;
				TARGETED_DEVICE_FAMILY = "1,2";
			};
			name = Debug;
		};
		FBD7BBE11BB43669001C9D34 /* Release */ = {
			isa = XCBuildConfiguration;
			buildSettings = {
				ALWAYS_SEARCH_USER_PATHS = NO;
				CLANG_CXX_LANGUAGE_STANDARD = "gnu++0x";
				CLANG_CXX_LIBRARY = "libc++";
				CLANG_ENABLE_MODULES = YES;
				CLANG_ENABLE_OBJC_ARC = YES;
				CLANG_WARN_BOOL_CONVERSION = YES;
				CLANG_WARN_CONSTANT_CONVERSION = YES;
				CLANG_WARN_DIRECT_OBJC_ISA_USAGE = YES_ERROR;
				CLANG_WARN_EMPTY_BODY = YES;
				CLANG_WARN_ENUM_CONVERSION = YES;
				CLANG_WARN_INT_CONVERSION = YES;
				CLANG_WARN_OBJC_ROOT_CLASS = YES_ERROR;
				CLANG_WARN_UNREACHABLE_CODE = YES;
				CLANG_WARN__DUPLICATE_METHOD_MATCH = YES;
				"CODE_SIGN_IDENTITY[sdk=iphoneos*]" = "iPhone Developer";
				COPY_PHASE_STRIP = NO;
				DEBUG_INFORMATION_FORMAT = "dwarf-with-dsym";
				ENABLE_NS_ASSERTIONS = NO;
				ENABLE_STRICT_OBJC_MSGSEND = YES;
				GCC_C_LANGUAGE_STANDARD = gnu99;
				GCC_NO_COMMON_BLOCKS = YES;
				GCC_WARN_64_TO_32_BIT_CONVERSION = YES;
				GCC_WARN_ABOUT_RETURN_TYPE = YES_ERROR;
				GCC_WARN_UNDECLARED_SELECTOR = YES;
				GCC_WARN_UNINITIALIZED_AUTOS = YES_AGGRESSIVE;
				GCC_WARN_UNUSED_FUNCTION = YES;
				GCC_WARN_UNUSED_VARIABLE = YES;
				IPHONEOS_DEPLOYMENT_TARGET = 8.4;
				MTL_ENABLE_DEBUG_INFO = NO;
				SDKROOT = iphoneos;
				TARGETED_DEVICE_FAMILY = "1,2";
				VALIDATE_PRODUCT = YES;
			};
			name = Release;
		};
		FBD7BBE31BB43669001C9D34 /* Debug */ = {
			isa = XCBuildConfiguration;
			baseConfigurationReference = 67BCFBEC51CC16AF15881E42 /* Pods.debug.xcconfig */;
			buildSettings = {
				ASSETCATALOG_COMPILER_APPICON_NAME = AppIcon;
				CODE_SIGN_IDENTITY = "iPhone Developer";
				INFOPLIST_FILE = storyAudio/Info.plist;
				IPHONEOS_DEPLOYMENT_TARGET = 7.0;
				LD_RUNPATH_SEARCH_PATHS = "$(inherited) @executable_path/Frameworks";
				PRODUCT_NAME = "$(TARGET_NAME)";
				PROVISIONING_PROFILE = "81f9d26b-980d-471a-94fc-abbad67defdf";
				TARGETED_DEVICE_FAMILY = "1,2";
			};
			name = Debug;
		};
		FBD7BBE41BB43669001C9D34 /* Release */ = {
			isa = XCBuildConfiguration;
			baseConfigurationReference = 97305F5D2CB12B526A5E05A2 /* Pods.release.xcconfig */;
			buildSettings = {
				ASSETCATALOG_COMPILER_APPICON_NAME = AppIcon;
				CODE_SIGN_IDENTITY = "iPhone Developer";
				INFOPLIST_FILE = storyAudio/Info.plist;
				IPHONEOS_DEPLOYMENT_TARGET = 7.0;
				LD_RUNPATH_SEARCH_PATHS = "$(inherited) @executable_path/Frameworks";
				PRODUCT_NAME = "$(TARGET_NAME)";
				PROVISIONING_PROFILE = "81f9d26b-980d-471a-94fc-abbad67defdf";
				TARGETED_DEVICE_FAMILY = "1,2";
			};
			name = Release;
		};
		FBD7BBE61BB43669001C9D34 /* Debug */ = {
			isa = XCBuildConfiguration;
			buildSettings = {
				BUNDLE_LOADER = "$(TEST_HOST)";
				FRAMEWORK_SEARCH_PATHS = (
					"$(SDKROOT)/Developer/Library/Frameworks",
					"$(inherited)",
				);
				GCC_PREPROCESSOR_DEFINITIONS = (
					"DEBUG=1",
					"$(inherited)",
				);
				INFOPLIST_FILE = storyAudioTests/Info.plist;
				LD_RUNPATH_SEARCH_PATHS = "$(inherited) @executable_path/Frameworks @loader_path/Frameworks";
				PRODUCT_NAME = "$(TARGET_NAME)";
				TEST_HOST = "$(BUILT_PRODUCTS_DIR)/storyAudio.app/storyAudio";
			};
			name = Debug;
		};
		FBD7BBE71BB43669001C9D34 /* Release */ = {
			isa = XCBuildConfiguration;
			buildSettings = {
				BUNDLE_LOADER = "$(TEST_HOST)";
				FRAMEWORK_SEARCH_PATHS = (
					"$(SDKROOT)/Developer/Library/Frameworks",
					"$(inherited)",
				);
				INFOPLIST_FILE = storyAudioTests/Info.plist;
				LD_RUNPATH_SEARCH_PATHS = "$(inherited) @executable_path/Frameworks @loader_path/Frameworks";
				PRODUCT_NAME = "$(TARGET_NAME)";
				TEST_HOST = "$(BUILT_PRODUCTS_DIR)/storyAudio.app/storyAudio";
			};
			name = Release;
		};
/* End XCBuildConfiguration section */

/* Begin XCConfigurationList section */
		FBD7BBB71BB43669001C9D34 /* Build configuration list for PBXProject "storyAudio" */ = {
			isa = XCConfigurationList;
			buildConfigurations = (
				FBD7BBE01BB43669001C9D34 /* Debug */,
				FBD7BBE11BB43669001C9D34 /* Release */,
			);
			defaultConfigurationIsVisible = 0;
			defaultConfigurationName = Release;
		};
		FBD7BBE21BB43669001C9D34 /* Build configuration list for PBXNativeTarget "storyAudio" */ = {
			isa = XCConfigurationList;
			buildConfigurations = (
				FBD7BBE31BB43669001C9D34 /* Debug */,
				FBD7BBE41BB43669001C9D34 /* Release */,
			);
			defaultConfigurationIsVisible = 0;
			defaultConfigurationName = Release;
		};
		FBD7BBE51BB43669001C9D34 /* Build configuration list for PBXNativeTarget "storyAudioTests" */ = {
			isa = XCConfigurationList;
			buildConfigurations = (
				FBD7BBE61BB43669001C9D34 /* Debug */,
				FBD7BBE71BB43669001C9D34 /* Release */,
			);
			defaultConfigurationIsVisible = 0;
			defaultConfigurationName = Release;
		};
/* End XCConfigurationList section */

/* Begin XCVersionGroup section */
		FBD7BBC61BB43669001C9D34 /* storyAudio.xcdatamodeld */ = {
			isa = XCVersionGroup;
			children = (
				FBD7BBC71BB43669001C9D34 /* storyAudio.xcdatamodel */,
			);
			currentVersion = FBD7BBC71BB43669001C9D34 /* storyAudio.xcdatamodel */;
			path = storyAudio.xcdatamodeld;
			sourceTree = "<group>";
			versionGroupType = wrapper.xcdatamodel;
		};
/* End XCVersionGroup section */
	};
	rootObject = FBD7BBB41BB43669001C9D34 /* Project object */;
}
